
Microsoft Visual Studio Solution File, Format Version 12.00
# Visual Studio Version 17
VisualStudioVersion = 17.11.35327.3
MinimumVisualStudioVersion = 10.0.40219.1
Project("{9A19103F-16F7-4668-BE54-9A1E7A4F7556}") = "ToDoAspNetCore", "ToDoAspNetCore\ToDoAspNetCore.csproj", "{4E86A892-DE74-4388-8EBD-8A3E5E686CEE}"
EndProject
Global
	GlobalSection(SolutionConfigurationPlatforms) = preSolution
		Debug|Any CPU = Debug|Any CPU
		Release|Any CPU = Release|Any CPU
	EndGlobalSection
	GlobalSection(ProjectConfigurationPlatforms) = postSolution
		{4E86A892-DE74-4388-8EBD-8A3E5E686CEE}.Debug|Any CPU.ActiveCfg = Debug|Any CPU
		{4E86A892-DE74-4388-8EBD-8A3E5E686CEE}.Debug|Any CPU.Build.0 = Debug|Any CPU
		{4E86A892-DE74-4388-8EBD-8A3E5E686CEE}.Release|Any CPU.ActiveCfg = Release|Any CPU
		{4E86A892-DE74-4388-8EBD-8A3E5E686CEE}.Release|Any CPU.Build.0 = Release|Any CPU
	EndGlobalSection
	GlobalSection(SolutionProperties) = preSolution
		HideSolutionNode = FALSE
	EndGlobalSection
	GlobalSection(ExtensibilityGlobals) = postSolution
		SolutionGuid = {5E417362-80D5-47E5-8D96-2EAEE48578EC}
	EndGlobalSection
EndGlobal
